// !$*UTF8*$!
{
	archiveVersion = 1;
	classes = {
	};
	objectVersion = 50;
	objects = {

/* Begin PBXBuildFile section */
		0EC29D375AB95E04027DF69B /* Pods_StarWars.framework in Frameworks */ = {isa = PBXBuildFile; fileRef = E1487BC1EF74C1AD6E0D601B /* Pods_StarWars.framework */; };
		CC07162121F33E690067F1AD /* AppDelegate.swift in Sources */ = {isa = PBXBuildFile; fileRef = CC07162021F33E690067F1AD /* AppDelegate.swift */; };
		CC07162321F33E690067F1AD /* MasterViewController.swift in Sources */ = {isa = PBXBuildFile; fileRef = CC07162221F33E690067F1AD /* MasterViewController.swift */; };
		CC07162521F33E690067F1AD /* DetailViewController.swift in Sources */ = {isa = PBXBuildFile; fileRef = CC07162421F33E690067F1AD /* DetailViewController.swift */; };
		CC07162821F33E690067F1AD /* Main.storyboard in Resources */ = {isa = PBXBuildFile; fileRef = CC07162621F33E690067F1AD /* Main.storyboard */; };
		CC07162A21F33E6B0067F1AD /* Assets.xcassets in Resources */ = {isa = PBXBuildFile; fileRef = CC07162921F33E6B0067F1AD /* Assets.xcassets */; };
		CC07162D21F33E6B0067F1AD /* LaunchScreen.storyboard in Resources */ = {isa = PBXBuildFile; fileRef = CC07162B21F33E6B0067F1AD /* LaunchScreen.storyboard */; };
		CC07163A21F33F650067F1AD /* SWNavigationCoordinator.swift in Sources */ = {isa = PBXBuildFile; fileRef = CC07163921F33F650067F1AD /* SWNavigationCoordinator.swift */; };
		CC07163C21F33FA60067F1AD /* SWNavigationController.swift in Sources */ = {isa = PBXBuildFile; fileRef = CC07163B21F33FA60067F1AD /* SWNavigationController.swift */; };
		CC07163E21F340530067F1AD /* Reusables.swift in Sources */ = {isa = PBXBuildFile; fileRef = CC07163D21F340530067F1AD /* Reusables.swift */; };
		CC07164021F340B40067F1AD /* UIViewController+Extension.swift in Sources */ = {isa = PBXBuildFile; fileRef = CC07163F21F340B40067F1AD /* UIViewController+Extension.swift */; };
		CC07164221F340DE0067F1AD /* UIView+Extension.swift in Sources */ = {isa = PBXBuildFile; fileRef = CC07164121F340DE0067F1AD /* UIView+Extension.swift */; };
		CC07164821F341DA0067F1AD /* SWAppFont.swift in Sources */ = {isa = PBXBuildFile; fileRef = CC07164721F341DA0067F1AD /* SWAppFont.swift */; };
		CC07164A21F341E20067F1AD /* SWAppColor.swift in Sources */ = {isa = PBXBuildFile; fileRef = CC07164921F341E20067F1AD /* SWAppColor.swift */; };
		CC07164C21F342A10067F1AD /* SWAppCell.swift in Sources */ = {isa = PBXBuildFile; fileRef = CC07164B21F342A10067F1AD /* SWAppCell.swift */; };
		CC07164E21F342B10067F1AD /* SWAppSegue.swift in Sources */ = {isa = PBXBuildFile; fileRef = CC07164D21F342B10067F1AD /* SWAppSegue.swift */; };
		CC07165021F342B80067F1AD /* SWAppConfig.swift in Sources */ = {isa = PBXBuildFile; fileRef = CC07164F21F342B80067F1AD /* SWAppConfig.swift */; };
		CC07165221F343040067F1AD /* Date+Extension.swift in Sources */ = {isa = PBXBuildFile; fileRef = CC07165121F343040067F1AD /* Date+Extension.swift */; };
		CC07165421F3431F0067F1AD /* SWApp.swift in Sources */ = {isa = PBXBuildFile; fileRef = CC07165321F3431F0067F1AD /* SWApp.swift */; };
		CC07165621F343E30067F1AD /* UIColor+Extension.swift in Sources */ = {isa = PBXBuildFile; fileRef = CC07165521F343E30067F1AD /* UIColor+Extension.swift */; };
		CC07165921F344560067F1AD /* Start.storyboard in Resources */ = {isa = PBXBuildFile; fileRef = CC07165721F344560067F1AD /* Start.storyboard */; };
		CC07165C21F344780067F1AD /* SWSplashScreenViewController.swift in Sources */ = {isa = PBXBuildFile; fileRef = CC07165B21F344780067F1AD /* SWSplashScreenViewController.swift */; };
		CC07165E21F3448B0067F1AD /* SWViewController.swift in Sources */ = {isa = PBXBuildFile; fileRef = CC07165D21F3448B0067F1AD /* SWViewController.swift */; };
		CC344BFF21F3DF8400002460 /* UINavigationController+Extension.swift in Sources */ = {isa = PBXBuildFile; fileRef = CC344BFE21F3DF8400002460 /* UINavigationController+Extension.swift */; };
		CC344C0121F3DFBC00002460 /* UIButton+Extension.swift in Sources */ = {isa = PBXBuildFile; fileRef = CC344C0021F3DFBC00002460 /* UIButton+Extension.swift */; };
		CC344C0321F3DFF900002460 /* UIImage+Extension.swift in Sources */ = {isa = PBXBuildFile; fileRef = CC344C0221F3DFF900002460 /* UIImage+Extension.swift */; };
		CC344C0521F3E6A300002460 /* SWSplitViewController.swift in Sources */ = {isa = PBXBuildFile; fileRef = CC344C0421F3E6A300002460 /* SWSplitViewController.swift */; };
		CC344C1521F3F1FD00002460 /* SWFilmApiClient.swift in Sources */ = {isa = PBXBuildFile; fileRef = CC344C1421F3F1FD00002460 /* SWFilmApiClient.swift */; };
		CC344C1921F3F2A900002460 /* SWNetworkClientService.swift in Sources */ = {isa = PBXBuildFile; fileRef = CC344C1821F3F2A900002460 /* SWNetworkClientService.swift */; };
		CC344C1B21F3F98100002460 /* SWApiHelper.swift in Sources */ = {isa = PBXBuildFile; fileRef = CC344C1A21F3F98100002460 /* SWApiHelper.swift */; };
		CC344C1F21F401EC00002460 /* SWEntity.swift in Sources */ = {isa = PBXBuildFile; fileRef = CC344C1E21F401EC00002460 /* SWEntity.swift */; };
		CC344C2121F403E400002460 /* SWFilm.swift in Sources */ = {isa = PBXBuildFile; fileRef = CC344C2021F403E400002460 /* SWFilm.swift */; };
		CC344C2321F403FE00002460 /* SWCharacter.swift in Sources */ = {isa = PBXBuildFile; fileRef = CC344C2221F403FE00002460 /* SWCharacter.swift */; };
		CC344C2521F4072800002460 /* SWFilmHelper.swift in Sources */ = {isa = PBXBuildFile; fileRef = CC344C2421F4072800002460 /* SWFilmHelper.swift */; };
		CC344C2721F4073300002460 /* SWCharacterHelper.swift in Sources */ = {isa = PBXBuildFile; fileRef = CC344C2621F4073300002460 /* SWCharacterHelper.swift */; };
		CC344C2A21F407A300002460 /* SWIEntity.swift in Sources */ = {isa = PBXBuildFile; fileRef = CC344C2921F407A300002460 /* SWIEntity.swift */; };
		CC344C2C21F407C600002460 /* SWIFilm.swift in Sources */ = {isa = PBXBuildFile; fileRef = CC344C2B21F407C600002460 /* SWIFilm.swift */; };
		CC344C2E21F4083000002460 /* SWICharacter.swift in Sources */ = {isa = PBXBuildFile; fileRef = CC344C2D21F4083000002460 /* SWICharacter.swift */; };
		CC344C3121F408FA00002460 /* SWIHelper.swift in Sources */ = {isa = PBXBuildFile; fileRef = CC344C3021F408FA00002460 /* SWIHelper.swift */; };
		CC344C3321F40AEC00002460 /* SWDateFormatter.swift in Sources */ = {isa = PBXBuildFile; fileRef = CC344C3221F40AEC00002460 /* SWDateFormatter.swift */; };
		CC344C3521F414AF00002460 /* SWCharacterApiClient.swift in Sources */ = {isa = PBXBuildFile; fileRef = CC344C3421F414AF00002460 /* SWCharacterApiClient.swift */; };
		CC344C3921F469E300002460 /* SWEntityRepository.swift in Sources */ = {isa = PBXBuildFile; fileRef = CC344C3821F469E300002460 /* SWEntityRepository.swift */; };
		CC344C3D21F46B1000002460 /* SWRepositoryObserver.swift in Sources */ = {isa = PBXBuildFile; fileRef = CC344C3C21F46B1000002460 /* SWRepositoryObserver.swift */; };
		CC344C3F21F46C3E00002460 /* SWRepositoryDelegate.swift in Sources */ = {isa = PBXBuildFile; fileRef = CC344C3E21F46C3E00002460 /* SWRepositoryDelegate.swift */; };
		CC344C4121F46CC300002460 /* SWIRepository.swift in Sources */ = {isa = PBXBuildFile; fileRef = CC344C4021F46CC300002460 /* SWIRepository.swift */; };
		CC344C4321F46E7A00002460 /* SWFilmRepository.swift in Sources */ = {isa = PBXBuildFile; fileRef = CC344C4221F46E7A00002460 /* SWFilmRepository.swift */; };
		CC344C4521F46E8800002460 /* SWCharacterRepository.swift in Sources */ = {isa = PBXBuildFile; fileRef = CC344C4421F46E8800002460 /* SWCharacterRepository.swift */; };
		CC344C4721F46EBB00002460 /* SWIFilmRepository.swift in Sources */ = {isa = PBXBuildFile; fileRef = CC344C4621F46EBB00002460 /* SWIFilmRepository.swift */; };
		CC344C4921F46EC900002460 /* SWICharacterRepository.swift in Sources */ = {isa = PBXBuildFile; fileRef = CC344C4821F46EC900002460 /* SWICharacterRepository.swift */; };
		CC344C4D21F477F900002460 /* SWFilmsViewController.swift in Sources */ = {isa = PBXBuildFile; fileRef = CC344C4C21F477F900002460 /* SWFilmsViewController.swift */; };
		CC344C5021F478C400002460 /* SWFilmTableViewCell.swift in Sources */ = {isa = PBXBuildFile; fileRef = CC344C4E21F478C400002460 /* SWFilmTableViewCell.swift */; };
		CC344C5121F478C400002460 /* SWFilmTableViewCell.xib in Resources */ = {isa = PBXBuildFile; fileRef = CC344C4F21F478C400002460 /* SWFilmTableViewCell.xib */; };
		CC344C5321F4892C00002460 /* UIViewControllers+Extension.swift in Sources */ = {isa = PBXBuildFile; fileRef = CC344C5221F4892C00002460 /* UIViewControllers+Extension.swift */; };
		CC344C5921F48C2500002460 /* Strjmono.ttf in Resources */ = {isa = PBXBuildFile; fileRef = CC344C5521F48C2500002460 /* Strjmono.ttf */; };
		CC344C5B21F48C2500002460 /* Stjldbl2.ttf in Resources */ = {isa = PBXBuildFile; fileRef = CC344C5721F48C2500002460 /* Stjldbl2.ttf */; };
		CC344C5C21F48C2500002460 /* Stjldbl1.ttf in Resources */ = {isa = PBXBuildFile; fileRef = CC344C5821F48C2500002460 /* Stjldbl1.ttf */; };
		CC344C5E21F49CD900002460 /* SWSearchController.swift in Sources */ = {isa = PBXBuildFile; fileRef = CC344C5D21F49CD900002460 /* SWSearchController.swift */; };
		CC344C6321F4ACFE00002460 /* SWFilmDetailsViewController.swift in Sources */ = {isa = PBXBuildFile; fileRef = CC344C6221F4ACFE00002460 /* SWFilmDetailsViewController.swift */; };
		CC344C6621F5152500002460 /* SWCharacterCollectionViewCell.swift in Sources */ = {isa = PBXBuildFile; fileRef = CC344C6421F5152500002460 /* SWCharacterCollectionViewCell.swift */; };
		CC344C6721F5152500002460 /* SWCharacterCollectionViewCell.xib in Resources */ = {isa = PBXBuildFile; fileRef = CC344C6521F5152500002460 /* SWCharacterCollectionViewCell.xib */; };
		CC344C6921F5154900002460 /* SWCharactersFlowLayout.swift in Sources */ = {isa = PBXBuildFile; fileRef = CC344C6821F5154900002460 /* SWCharactersFlowLayout.swift */; };
/* End PBXBuildFile section */

/* Begin PBXFileReference section */
		528206A504225A21B7792D7E /* Pods-StarWars.debug.xcconfig */ = {isa = PBXFileReference; includeInIndex = 1; lastKnownFileType = text.xcconfig; name = "Pods-StarWars.debug.xcconfig"; path = "Pods/Target Support Files/Pods-StarWars/Pods-StarWars.debug.xcconfig"; sourceTree = "<group>"; };
		C4AE5AB2BF64CF77A751FC3F /* Pods-StarWars.release.xcconfig */ = {isa = PBXFileReference; includeInIndex = 1; lastKnownFileType = text.xcconfig; name = "Pods-StarWars.release.xcconfig"; path = "Pods/Target Support Files/Pods-StarWars/Pods-StarWars.release.xcconfig"; sourceTree = "<group>"; };
		CC07161D21F33E690067F1AD /* StarWars.app */ = {isa = PBXFileReference; explicitFileType = wrapper.application; includeInIndex = 0; path = StarWars.app; sourceTree = BUILT_PRODUCTS_DIR; };
		CC07162021F33E690067F1AD /* AppDelegate.swift */ = {isa = PBXFileReference; lastKnownFileType = sourcecode.swift; path = AppDelegate.swift; sourceTree = "<group>"; };
		CC07162221F33E690067F1AD /* MasterViewController.swift */ = {isa = PBXFileReference; lastKnownFileType = sourcecode.swift; path = MasterViewController.swift; sourceTree = "<group>"; };
		CC07162421F33E690067F1AD /* DetailViewController.swift */ = {isa = PBXFileReference; lastKnownFileType = sourcecode.swift; path = DetailViewController.swift; sourceTree = "<group>"; };
		CC07162721F33E690067F1AD /* Base */ = {isa = PBXFileReference; lastKnownFileType = file.storyboard; name = Base; path = Base.lproj/Main.storyboard; sourceTree = "<group>"; };
		CC07162921F33E6B0067F1AD /* Assets.xcassets */ = {isa = PBXFileReference; lastKnownFileType = folder.assetcatalog; path = Assets.xcassets; sourceTree = "<group>"; };
		CC07162C21F33E6B0067F1AD /* Base */ = {isa = PBXFileReference; lastKnownFileType = file.storyboard; name = Base; path = Base.lproj/LaunchScreen.storyboard; sourceTree = "<group>"; };
		CC07162E21F33E6B0067F1AD /* Info.plist */ = {isa = PBXFileReference; lastKnownFileType = text.plist.xml; path = Info.plist; sourceTree = "<group>"; };
		CC07163921F33F650067F1AD /* SWNavigationCoordinator.swift */ = {isa = PBXFileReference; lastKnownFileType = sourcecode.swift; path = SWNavigationCoordinator.swift; sourceTree = "<group>"; };
		CC07163B21F33FA60067F1AD /* SWNavigationController.swift */ = {isa = PBXFileReference; lastKnownFileType = sourcecode.swift; path = SWNavigationController.swift; sourceTree = "<group>"; };
		CC07163D21F340530067F1AD /* Reusables.swift */ = {isa = PBXFileReference; lastKnownFileType = sourcecode.swift; path = Reusables.swift; sourceTree = "<group>"; };
		CC07163F21F340B40067F1AD /* UIViewController+Extension.swift */ = {isa = PBXFileReference; lastKnownFileType = sourcecode.swift; path = "UIViewController+Extension.swift"; sourceTree = "<group>"; };
		CC07164121F340DE0067F1AD /* UIView+Extension.swift */ = {isa = PBXFileReference; lastKnownFileType = sourcecode.swift; path = "UIView+Extension.swift"; sourceTree = "<group>"; };
		CC07164721F341DA0067F1AD /* SWAppFont.swift */ = {isa = PBXFileReference; lastKnownFileType = sourcecode.swift; path = SWAppFont.swift; sourceTree = "<group>"; };
		CC07164921F341E20067F1AD /* SWAppColor.swift */ = {isa = PBXFileReference; lastKnownFileType = sourcecode.swift; path = SWAppColor.swift; sourceTree = "<group>"; };
		CC07164B21F342A10067F1AD /* SWAppCell.swift */ = {isa = PBXFileReference; lastKnownFileType = sourcecode.swift; path = SWAppCell.swift; sourceTree = "<group>"; };
		CC07164D21F342B10067F1AD /* SWAppSegue.swift */ = {isa = PBXFileReference; lastKnownFileType = sourcecode.swift; path = SWAppSegue.swift; sourceTree = "<group>"; };
		CC07164F21F342B80067F1AD /* SWAppConfig.swift */ = {isa = PBXFileReference; lastKnownFileType = sourcecode.swift; path = SWAppConfig.swift; sourceTree = "<group>"; };
		CC07165121F343040067F1AD /* Date+Extension.swift */ = {isa = PBXFileReference; lastKnownFileType = sourcecode.swift; path = "Date+Extension.swift"; sourceTree = "<group>"; };
		CC07165321F3431F0067F1AD /* SWApp.swift */ = {isa = PBXFileReference; lastKnownFileType = sourcecode.swift; path = SWApp.swift; sourceTree = "<group>"; };
		CC07165521F343E30067F1AD /* UIColor+Extension.swift */ = {isa = PBXFileReference; lastKnownFileType = sourcecode.swift; path = "UIColor+Extension.swift"; sourceTree = "<group>"; };
		CC07165821F344560067F1AD /* Base */ = {isa = PBXFileReference; lastKnownFileType = file.storyboard; name = Base; path = Base.lproj/Start.storyboard; sourceTree = "<group>"; };
		CC07165B21F344780067F1AD /* SWSplashScreenViewController.swift */ = {isa = PBXFileReference; lastKnownFileType = sourcecode.swift; path = SWSplashScreenViewController.swift; sourceTree = "<group>"; };
		CC07165D21F3448B0067F1AD /* SWViewController.swift */ = {isa = PBXFileReference; lastKnownFileType = sourcecode.swift; path = SWViewController.swift; sourceTree = "<group>"; };
		CC344BFE21F3DF8400002460 /* UINavigationController+Extension.swift */ = {isa = PBXFileReference; lastKnownFileType = sourcecode.swift; path = "UINavigationController+Extension.swift"; sourceTree = "<group>"; };
		CC344C0021F3DFBC00002460 /* UIButton+Extension.swift */ = {isa = PBXFileReference; lastKnownFileType = sourcecode.swift; path = "UIButton+Extension.swift"; sourceTree = "<group>"; };
		CC344C0221F3DFF900002460 /* UIImage+Extension.swift */ = {isa = PBXFileReference; lastKnownFileType = sourcecode.swift; path = "UIImage+Extension.swift"; sourceTree = "<group>"; };
		CC344C0421F3E6A300002460 /* SWSplitViewController.swift */ = {isa = PBXFileReference; lastKnownFileType = sourcecode.swift; path = SWSplitViewController.swift; sourceTree = "<group>"; };
		CC344C0821F3F09900002460 /* Appfile */ = {isa = PBXFileReference; lastKnownFileType = text; path = Appfile; sourceTree = "<group>"; };
		CC344C0921F3F09900002460 /* SnapshotHelper.swift */ = {isa = PBXFileReference; lastKnownFileType = sourcecode.swift; path = SnapshotHelper.swift; sourceTree = "<group>"; };
		CC344C0C21F3F09900002460 /* Fastfile */ = {isa = PBXFileReference; lastKnownFileType = text; path = Fastfile; sourceTree = "<group>"; };
		CC344C0D21F3F09900002460 /* README.md */ = {isa = PBXFileReference; lastKnownFileType = net.daringfireball.markdown; path = README.md; sourceTree = "<group>"; };
		CC344C0E21F3F09900002460 /* fastlane_config.yaml */ = {isa = PBXFileReference; lastKnownFileType = text; path = fastlane_config.yaml; sourceTree = "<group>"; };
		CC344C1121F3F09900002460 /* report.xml */ = {isa = PBXFileReference; lastKnownFileType = text.xml; path = report.xml; sourceTree = "<group>"; };
		CC344C1221F3F09900002460 /* Snapfile */ = {isa = PBXFileReference; lastKnownFileType = text; path = Snapfile; sourceTree = "<group>"; };
		CC344C1321F3F09900002460 /* README.md */ = {isa = PBXFileReference; lastKnownFileType = net.daringfireball.markdown; path = README.md; sourceTree = "<group>"; };
		CC344C1421F3F1FD00002460 /* SWFilmApiClient.swift */ = {isa = PBXFileReference; lastKnownFileType = sourcecode.swift; path = SWFilmApiClient.swift; sourceTree = "<group>"; };
		CC344C1821F3F2A900002460 /* SWNetworkClientService.swift */ = {isa = PBXFileReference; lastKnownFileType = sourcecode.swift; path = SWNetworkClientService.swift; sourceTree = "<group>"; };
		CC344C1A21F3F98100002460 /* SWApiHelper.swift */ = {isa = PBXFileReference; lastKnownFileType = sourcecode.swift; path = SWApiHelper.swift; sourceTree = "<group>"; };
		CC344C1E21F401EC00002460 /* SWEntity.swift */ = {isa = PBXFileReference; lastKnownFileType = sourcecode.swift; path = SWEntity.swift; sourceTree = "<group>"; };
		CC344C2021F403E400002460 /* SWFilm.swift */ = {isa = PBXFileReference; lastKnownFileType = sourcecode.swift; path = SWFilm.swift; sourceTree = "<group>"; };
		CC344C2221F403FE00002460 /* SWCharacter.swift */ = {isa = PBXFileReference; lastKnownFileType = sourcecode.swift; path = SWCharacter.swift; sourceTree = "<group>"; };
		CC344C2421F4072800002460 /* SWFilmHelper.swift */ = {isa = PBXFileReference; lastKnownFileType = sourcecode.swift; path = SWFilmHelper.swift; sourceTree = "<group>"; };
		CC344C2621F4073300002460 /* SWCharacterHelper.swift */ = {isa = PBXFileReference; lastKnownFileType = sourcecode.swift; path = SWCharacterHelper.swift; sourceTree = "<group>"; };
		CC344C2921F407A300002460 /* SWIEntity.swift */ = {isa = PBXFileReference; lastKnownFileType = sourcecode.swift; path = SWIEntity.swift; sourceTree = "<group>"; };
		CC344C2B21F407C600002460 /* SWIFilm.swift */ = {isa = PBXFileReference; lastKnownFileType = sourcecode.swift; path = SWIFilm.swift; sourceTree = "<group>"; };
		CC344C2D21F4083000002460 /* SWICharacter.swift */ = {isa = PBXFileReference; lastKnownFileType = sourcecode.swift; path = SWICharacter.swift; sourceTree = "<group>"; };
		CC344C3021F408FA00002460 /* SWIHelper.swift */ = {isa = PBXFileReference; lastKnownFileType = sourcecode.swift; path = SWIHelper.swift; sourceTree = "<group>"; };
		CC344C3221F40AEC00002460 /* SWDateFormatter.swift */ = {isa = PBXFileReference; lastKnownFileType = sourcecode.swift; path = SWDateFormatter.swift; sourceTree = "<group>"; };
		CC344C3421F414AF00002460 /* SWCharacterApiClient.swift */ = {isa = PBXFileReference; lastKnownFileType = sourcecode.swift; path = SWCharacterApiClient.swift; sourceTree = "<group>"; };
		CC344C3821F469E300002460 /* SWEntityRepository.swift */ = {isa = PBXFileReference; lastKnownFileType = sourcecode.swift; path = SWEntityRepository.swift; sourceTree = "<group>"; };
		CC344C3C21F46B1000002460 /* SWRepositoryObserver.swift */ = {isa = PBXFileReference; lastKnownFileType = sourcecode.swift; path = SWRepositoryObserver.swift; sourceTree = "<group>"; };
		CC344C3E21F46C3E00002460 /* SWRepositoryDelegate.swift */ = {isa = PBXFileReference; lastKnownFileType = sourcecode.swift; path = SWRepositoryDelegate.swift; sourceTree = "<group>"; };
		CC344C4021F46CC300002460 /* SWIRepository.swift */ = {isa = PBXFileReference; lastKnownFileType = sourcecode.swift; path = SWIRepository.swift; sourceTree = "<group>"; };
		CC344C4221F46E7A00002460 /* SWFilmRepository.swift */ = {isa = PBXFileReference; lastKnownFileType = sourcecode.swift; path = SWFilmRepository.swift; sourceTree = "<group>"; };
		CC344C4421F46E8800002460 /* SWCharacterRepository.swift */ = {isa = PBXFileReference; lastKnownFileType = sourcecode.swift; path = SWCharacterRepository.swift; sourceTree = "<group>"; };
		CC344C4621F46EBB00002460 /* SWIFilmRepository.swift */ = {isa = PBXFileReference; lastKnownFileType = sourcecode.swift; path = SWIFilmRepository.swift; sourceTree = "<group>"; };
		CC344C4821F46EC900002460 /* SWICharacterRepository.swift */ = {isa = PBXFileReference; lastKnownFileType = sourcecode.swift; path = SWICharacterRepository.swift; sourceTree = "<group>"; };
		CC344C4C21F477F900002460 /* SWFilmsViewController.swift */ = {isa = PBXFileReference; lastKnownFileType = sourcecode.swift; path = SWFilmsViewController.swift; sourceTree = "<group>"; };
		CC344C4E21F478C400002460 /* SWFilmTableViewCell.swift */ = {isa = PBXFileReference; lastKnownFileType = sourcecode.swift; path = SWFilmTableViewCell.swift; sourceTree = "<group>"; };
		CC344C4F21F478C400002460 /* SWFilmTableViewCell.xib */ = {isa = PBXFileReference; lastKnownFileType = file.xib; path = SWFilmTableViewCell.xib; sourceTree = "<group>"; };
		CC344C5221F4892C00002460 /* UIViewControllers+Extension.swift */ = {isa = PBXFileReference; lastKnownFileType = sourcecode.swift; path = "UIViewControllers+Extension.swift"; sourceTree = "<group>"; };
		CC344C5521F48C2500002460 /* Strjmono.ttf */ = {isa = PBXFileReference; lastKnownFileType = file; path = Strjmono.ttf; sourceTree = "<group>"; };
		CC344C5721F48C2500002460 /* Stjldbl2.ttf */ = {isa = PBXFileReference; lastKnownFileType = file; path = Stjldbl2.ttf; sourceTree = "<group>"; };
		CC344C5821F48C2500002460 /* Stjldbl1.ttf */ = {isa = PBXFileReference; lastKnownFileType = file; path = Stjldbl1.ttf; sourceTree = "<group>"; };
		CC344C5D21F49CD900002460 /* SWSearchController.swift */ = {isa = PBXFileReference; lastKnownFileType = sourcecode.swift; path = SWSearchController.swift; sourceTree = "<group>"; };
		CC344C6221F4ACFE00002460 /* SWFilmDetailsViewController.swift */ = {isa = PBXFileReference; lastKnownFileType = sourcecode.swift; path = SWFilmDetailsViewController.swift; sourceTree = "<group>"; };
		CC344C6421F5152500002460 /* SWCharacterCollectionViewCell.swift */ = {isa = PBXFileReference; lastKnownFileType = sourcecode.swift; path = SWCharacterCollectionViewCell.swift; sourceTree = "<group>"; };
		CC344C6521F5152500002460 /* SWCharacterCollectionViewCell.xib */ = {isa = PBXFileReference; lastKnownFileType = file.xib; path = SWCharacterCollectionViewCell.xib; sourceTree = "<group>"; };
		CC344C6821F5154900002460 /* SWCharactersFlowLayout.swift */ = {isa = PBXFileReference; lastKnownFileType = sourcecode.swift; path = SWCharactersFlowLayout.swift; sourceTree = "<group>"; };
		E1487BC1EF74C1AD6E0D601B /* Pods_StarWars.framework */ = {isa = PBXFileReference; explicitFileType = wrapper.framework; includeInIndex = 0; path = Pods_StarWars.framework; sourceTree = BUILT_PRODUCTS_DIR; };
/* End PBXFileReference section */

/* Begin PBXFrameworksBuildPhase section */
		CC07161A21F33E690067F1AD /* Frameworks */ = {
			isa = PBXFrameworksBuildPhase;
			buildActionMask = 2147483647;
			files = (
				0EC29D375AB95E04027DF69B /* Pods_StarWars.framework in Frameworks */,
			);
			runOnlyForDeploymentPostprocessing = 0;
		};
/* End PBXFrameworksBuildPhase section */

/* Begin PBXGroup section */
		5A1FB38C624C33071B62CFFD /* Frameworks */ = {
			isa = PBXGroup;
			children = (
				E1487BC1EF74C1AD6E0D601B /* Pods_StarWars.framework */,
			);
			name = Frameworks;
			sourceTree = "<group>";
		};
		CC07161421F33E690067F1AD = {
			isa = PBXGroup;
			children = (
				CC344C0621F3F09900002460 /* fastlane */,
				CC344C1321F3F09900002460 /* README.md */,
				CC07161F21F33E690067F1AD /* StarWars */,
				CC07161E21F33E690067F1AD /* Products */,
				D0CA63BFE27304A7B903170C /* Pods */,
				5A1FB38C624C33071B62CFFD /* Frameworks */,
			);
			sourceTree = "<group>";
		};
		CC07161E21F33E690067F1AD /* Products */ = {
			isa = PBXGroup;
			children = (
				CC07161D21F33E690067F1AD /* StarWars.app */,
			);
			name = Products;
			sourceTree = "<group>";
		};
		CC07161F21F33E690067F1AD /* StarWars */ = {
			isa = PBXGroup;
			children = (
				CC07163821F33EB90067F1AD /* Services */,
				CC07163721F33EA50067F1AD /* ViewControllers */,
				CC07163621F33E9A0067F1AD /* Supported Files */,
				CC07163521F33E910067F1AD /* Reusable */,
				CC07163421F33E830067F1AD /* Master */,
			);
			path = StarWars;
			sourceTree = "<group>";
		};
		CC07163421F33E830067F1AD /* Master */ = {
			isa = PBXGroup;
			children = (
				CC07165721F344560067F1AD /* Start.storyboard */,
				CC07162621F33E690067F1AD /* Main.storyboard */,
				CC07162B21F33E6B0067F1AD /* LaunchScreen.storyboard */,
				CC07162021F33E690067F1AD /* AppDelegate.swift */,
				CC07163921F33F650067F1AD /* SWNavigationCoordinator.swift */,
				CC07163B21F33FA60067F1AD /* SWNavigationController.swift */,
				CC07165D21F3448B0067F1AD /* SWViewController.swift */,
				CC344C0421F3E6A300002460 /* SWSplitViewController.swift */,
				CC344C5D21F49CD900002460 /* SWSearchController.swift */,
			);
			path = Master;
			sourceTree = "<group>";
		};
		CC07163521F33E910067F1AD /* Reusable */ = {
			isa = PBXGroup;
			children = (
				CC07164621F341C20067F1AD /* Extensions */,
				CC07164521F341B50067F1AD /* Fonts */,
				CC07163D21F340530067F1AD /* Reusables.swift */,
				CC07164721F341DA0067F1AD /* SWAppFont.swift */,
				CC07164921F341E20067F1AD /* SWAppColor.swift */,
				CC07164B21F342A10067F1AD /* SWAppCell.swift */,
				CC07164D21F342B10067F1AD /* SWAppSegue.swift */,
				CC07164F21F342B80067F1AD /* SWAppConfig.swift */,
				CC07165321F3431F0067F1AD /* SWApp.swift */,
				CC344C3221F40AEC00002460 /* SWDateFormatter.swift */,
			);
			path = Reusable;
			sourceTree = "<group>";
		};
		CC07163621F33E9A0067F1AD /* Supported Files */ = {
			isa = PBXGroup;
			children = (
				CC07162921F33E6B0067F1AD /* Assets.xcassets */,
				CC07162E21F33E6B0067F1AD /* Info.plist */,
			);
			path = "Supported Files";
			sourceTree = "<group>";
		};
		CC07163721F33EA50067F1AD /* ViewControllers */ = {
			isa = PBXGroup;
			children = (
				CC344C4A21F4777100002460 /* Films */,
				CC07165A21F344610067F1AD /* Splash Screen */,
				CC07162221F33E690067F1AD /* MasterViewController.swift */,
				CC07162421F33E690067F1AD /* DetailViewController.swift */,
			);
			path = ViewControllers;
			sourceTree = "<group>";
		};
		CC07163821F33EB90067F1AD /* Services */ = {
			isa = PBXGroup;
			children = (
				CC344C1721F3F20600002460 /* Data */,
				CC344C1621F3F20000002460 /* Networking */,
			);
			path = Services;
			sourceTree = "<group>";
		};
		CC07164521F341B50067F1AD /* Fonts */ = {
			isa = PBXGroup;
			children = (
				CC344C5421F48C2500002460 /* stjelogo */,
			);
			path = Fonts;
			sourceTree = "<group>";
		};
		CC07164621F341C20067F1AD /* Extensions */ = {
			isa = PBXGroup;
			children = (
				CC07163F21F340B40067F1AD /* UIViewController+Extension.swift */,
				CC07164121F340DE0067F1AD /* UIView+Extension.swift */,
				CC07165121F343040067F1AD /* Date+Extension.swift */,
				CC07165521F343E30067F1AD /* UIColor+Extension.swift */,
				CC344BFE21F3DF8400002460 /* UINavigationController+Extension.swift */,
				CC344C0021F3DFBC00002460 /* UIButton+Extension.swift */,
				CC344C0221F3DFF900002460 /* UIImage+Extension.swift */,
				CC344C5221F4892C00002460 /* UIViewControllers+Extension.swift */,
			);
			path = Extensions;
			sourceTree = "<group>";
		};
		CC07165A21F344610067F1AD /* Splash Screen */ = {
			isa = PBXGroup;
			children = (
				CC07165B21F344780067F1AD /* SWSplashScreenViewController.swift */,
			);
			path = "Splash Screen";
			sourceTree = "<group>";
		};
		CC344C0621F3F09900002460 /* fastlane */ = {
			isa = PBXGroup;
			children = (
				CC344C0721F3F09900002460 /* screenshots */,
				CC344C0821F3F09900002460 /* Appfile */,
				CC344C0921F3F09900002460 /* SnapshotHelper.swift */,
				CC344C0A21F3F09900002460 /* certificates */,
				CC344C0B21F3F09900002460 /* builds */,
				CC344C0C21F3F09900002460 /* Fastfile */,
				CC344C0D21F3F09900002460 /* README.md */,
				CC344C0E21F3F09900002460 /* fastlane_config.yaml */,
				CC344C0F21F3F09900002460 /* push */,
				CC344C1021F3F09900002460 /* profiles */,
				CC344C1121F3F09900002460 /* report.xml */,
				CC344C1221F3F09900002460 /* Snapfile */,
			);
			path = fastlane;
			sourceTree = "<group>";
		};
		CC344C0721F3F09900002460 /* screenshots */ = {
			isa = PBXGroup;
			children = (
			);
			path = screenshots;
			sourceTree = "<group>";
		};
		CC344C0A21F3F09900002460 /* certificates */ = {
			isa = PBXGroup;
			children = (
			);
			path = certificates;
			sourceTree = "<group>";
		};
		CC344C0B21F3F09900002460 /* builds */ = {
			isa = PBXGroup;
			children = (
			);
			path = builds;
			sourceTree = "<group>";
		};
		CC344C0F21F3F09900002460 /* push */ = {
			isa = PBXGroup;
			children = (
			);
			path = push;
			sourceTree = "<group>";
		};
		CC344C1021F3F09900002460 /* profiles */ = {
			isa = PBXGroup;
			children = (
			);
			path = profiles;
			sourceTree = "<group>";
		};
		CC344C1621F3F20000002460 /* Networking */ = {
			isa = PBXGroup;
			children = (
				CC344C1421F3F1FD00002460 /* SWFilmApiClient.swift */,
				CC344C3421F414AF00002460 /* SWCharacterApiClient.swift */,
				CC344C1821F3F2A900002460 /* SWNetworkClientService.swift */,
				CC344C1A21F3F98100002460 /* SWApiHelper.swift */,
			);
			path = Networking;
			sourceTree = "<group>";
		};
		CC344C1721F3F20600002460 /* Data */ = {
			isa = PBXGroup;
			children = (
				CC344C3621F4193100002460 /* Repositories */,
				CC344C1D21F401B500002460 /* Models */,
			);
			path = Data;
			sourceTree = "<group>";
		};
		CC344C1C21F401A900002460 /* Helpers */ = {
			isa = PBXGroup;
			children = (
				CC344C2F21F408F100002460 /* Protocols */,
				CC344C2421F4072800002460 /* SWFilmHelper.swift */,
				CC344C2621F4073300002460 /* SWCharacterHelper.swift */,
			);
			path = Helpers;
			sourceTree = "<group>";
		};
		CC344C1D21F401B500002460 /* Models */ = {
			isa = PBXGroup;
			children = (
				CC344C2821F4079600002460 /* Protocols */,
				CC344C1C21F401A900002460 /* Helpers */,
				CC344C1E21F401EC00002460 /* SWEntity.swift */,
				CC344C2021F403E400002460 /* SWFilm.swift */,
				CC344C2221F403FE00002460 /* SWCharacter.swift */,
			);
			path = Models;
			sourceTree = "<group>";
		};
		CC344C2821F4079600002460 /* Protocols */ = {
			isa = PBXGroup;
			children = (
				CC344C2921F407A300002460 /* SWIEntity.swift */,
				CC344C2B21F407C600002460 /* SWIFilm.swift */,
				CC344C2D21F4083000002460 /* SWICharacter.swift */,
			);
			path = Protocols;
			sourceTree = "<group>";
		};
		CC344C2F21F408F100002460 /* Protocols */ = {
			isa = PBXGroup;
			children = (
				CC344C3021F408FA00002460 /* SWIHelper.swift */,
			);
			path = Protocols;
			sourceTree = "<group>";
		};
		CC344C3621F4193100002460 /* Repositories */ = {
			isa = PBXGroup;
			children = (
				CC344C3B21F46AEF00002460 /* Delegates */,
				CC344C3A21F46AE800002460 /* Observers */,
				CC344C3721F4193B00002460 /* Protocols */,
				CC344C3821F469E300002460 /* SWEntityRepository.swift */,
				CC344C4221F46E7A00002460 /* SWFilmRepository.swift */,
				CC344C4421F46E8800002460 /* SWCharacterRepository.swift */,
			);
			path = Repositories;
			sourceTree = "<group>";
		};
		CC344C3721F4193B00002460 /* Protocols */ = {
			isa = PBXGroup;
			children = (
				CC344C4021F46CC300002460 /* SWIRepository.swift */,
				CC344C4621F46EBB00002460 /* SWIFilmRepository.swift */,
				CC344C4821F46EC900002460 /* SWICharacterRepository.swift */,
			);
			path = Protocols;
			sourceTree = "<group>";
		};
		CC344C3A21F46AE800002460 /* Observers */ = {
			isa = PBXGroup;
			children = (
				CC344C3C21F46B1000002460 /* SWRepositoryObserver.swift */,
			);
			path = Observers;
			sourceTree = "<group>";
		};
		CC344C3B21F46AEF00002460 /* Delegates */ = {
			isa = PBXGroup;
			children = (
				CC344C3E21F46C3E00002460 /* SWRepositoryDelegate.swift */,
			);
			path = Delegates;
			sourceTree = "<group>";
		};
		CC344C4A21F4777100002460 /* Films */ = {
			isa = PBXGroup;
			children = (
				CC344C6021F4ACE600002460 /* Details */,
				CC344C5F21F4ACDC00002460 /* List */,
			);
			path = Films;
			sourceTree = "<group>";
		};
		CC344C4B21F4779800002460 /* Components */ = {
			isa = PBXGroup;
			children = (
				CC344C4E21F478C400002460 /* SWFilmTableViewCell.swift */,
				CC344C4F21F478C400002460 /* SWFilmTableViewCell.xib */,
			);
			path = Components;
			sourceTree = "<group>";
		};
		CC344C5421F48C2500002460 /* stjelogo */ = {
			isa = PBXGroup;
			children = (
				CC344C5521F48C2500002460 /* Strjmono.ttf */,
				CC344C5721F48C2500002460 /* Stjldbl2.ttf */,
				CC344C5821F48C2500002460 /* Stjldbl1.ttf */,
			);
			path = stjelogo;
			sourceTree = "<group>";
		};
		CC344C5F21F4ACDC00002460 /* List */ = {
			isa = PBXGroup;
			children = (
				CC344C4B21F4779800002460 /* Components */,
				CC344C4C21F477F900002460 /* SWFilmsViewController.swift */,
			);
			path = List;
			sourceTree = "<group>";
		};
		CC344C6021F4ACE600002460 /* Details */ = {
			isa = PBXGroup;
			children = (
				CC344C6121F4ACED00002460 /* Components */,
				CC344C6221F4ACFE00002460 /* SWFilmDetailsViewController.swift */,
			);
			path = Details;
			sourceTree = "<group>";
		};
		CC344C6121F4ACED00002460 /* Components */ = {
			isa = PBXGroup;
			children = (
				CC344C6421F5152500002460 /* SWCharacterCollectionViewCell.swift */,
				CC344C6521F5152500002460 /* SWCharacterCollectionViewCell.xib */,
				CC344C6821F5154900002460 /* SWCharactersFlowLayout.swift */,
			);
			path = Components;
			sourceTree = "<group>";
		};
		D0CA63BFE27304A7B903170C /* Pods */ = {
			isa = PBXGroup;
			children = (
				528206A504225A21B7792D7E /* Pods-StarWars.debug.xcconfig */,
				C4AE5AB2BF64CF77A751FC3F /* Pods-StarWars.release.xcconfig */,
			);
			name = Pods;
			sourceTree = "<group>";
		};
/* End PBXGroup section */

/* Begin PBXNativeTarget section */
		CC07161C21F33E690067F1AD /* StarWars */ = {
			isa = PBXNativeTarget;
			buildConfigurationList = CC07163121F33E6B0067F1AD /* Build configuration list for PBXNativeTarget "StarWars" */;
			buildPhases = (
				54B54CF2B9E4F3F47235FA31 /* [CP] Check Pods Manifest.lock */,
				CC07161921F33E690067F1AD /* Sources */,
				CC07161A21F33E690067F1AD /* Frameworks */,
				CC07161B21F33E690067F1AD /* Resources */,
				1ACA8763CA05A104168C624B /* [CP] Embed Pods Frameworks */,
				52F03023B1975BB025CAA1C5 /* [CP] Copy Pods Resources */,
			);
			buildRules = (
			);
			dependencies = (
			);
			name = StarWars;
			productName = StarWars;
			productReference = CC07161D21F33E690067F1AD /* StarWars.app */;
			productType = "com.apple.product-type.application";
		};
/* End PBXNativeTarget section */

/* Begin PBXProject section */
		CC07161521F33E690067F1AD /* Project object */ = {
			isa = PBXProject;
			attributes = {
				LastSwiftUpdateCheck = 1010;
				LastUpgradeCheck = 1010;
				ORGANIZATIONNAME = "Urey Mt.";
				TargetAttributes = {
					CC07161C21F33E690067F1AD = {
						CreatedOnToolsVersion = 10.1;
					};
				};
			};
			buildConfigurationList = CC07161821F33E690067F1AD /* Build configuration list for PBXProject "StarWars" */;
			compatibilityVersion = "Xcode 9.3";
			developmentRegion = en;
			hasScannedForEncodings = 0;
			knownRegions = (
				en,
				Base,
			);
			mainGroup = CC07161421F33E690067F1AD;
			productRefGroup = CC07161E21F33E690067F1AD /* Products */;
			projectDirPath = "";
			projectRoot = "";
			targets = (
				CC07161C21F33E690067F1AD /* StarWars */,
			);
		};
/* End PBXProject section */

/* Begin PBXResourcesBuildPhase section */
		CC07161B21F33E690067F1AD /* Resources */ = {
			isa = PBXResourcesBuildPhase;
			buildActionMask = 2147483647;
			files = (
				CC344C5B21F48C2500002460 /* Stjldbl2.ttf in Resources */,
				CC344C5921F48C2500002460 /* Strjmono.ttf in Resources */,
				CC07162D21F33E6B0067F1AD /* LaunchScreen.storyboard in Resources */,
				CC07165921F344560067F1AD /* Start.storyboard in Resources */,
				CC07162A21F33E6B0067F1AD /* Assets.xcassets in Resources */,
				CC344C5121F478C400002460 /* SWFilmTableViewCell.xib in Resources */,
				CC07162821F33E690067F1AD /* Main.storyboard in Resources */,
				CC344C6721F5152500002460 /* SWCharacterCollectionViewCell.xib in Resources */,
				CC344C5C21F48C2500002460 /* Stjldbl1.ttf in Resources */,
			);
			runOnlyForDeploymentPostprocessing = 0;
		};
/* End PBXResourcesBuildPhase section */

/* Begin PBXShellScriptBuildPhase section */
		1ACA8763CA05A104168C624B /* [CP] Embed Pods Frameworks */ = {
			isa = PBXShellScriptBuildPhase;
			buildActionMask = 2147483647;
			files = (
			);
			inputFileListPaths = (
			);
			inputPaths = (
			);
			name = "[CP] Embed Pods Frameworks";
			outputFileListPaths = (
			);
			outputPaths = (
			);
			runOnlyForDeploymentPostprocessing = 0;
			shellPath = /bin/sh;
			shellScript = "\"${SRCROOT}/Pods/Target Support Files/Pods-StarWars/Pods-StarWars-frameworks.sh\"\n";
			showEnvVarsInLog = 0;
		};
		52F03023B1975BB025CAA1C5 /* [CP] Copy Pods Resources */ = {
			isa = PBXShellScriptBuildPhase;
			buildActionMask = 2147483647;
			files = (
			);
			inputFileListPaths = (
			);
			inputPaths = (
			);
			name = "[CP] Copy Pods Resources";
			outputFileListPaths = (
			);
			outputPaths = (
			);
			runOnlyForDeploymentPostprocessing = 0;
			shellPath = /bin/sh;
			shellScript = "\"${SRCROOT}/Pods/Target Support Files/Pods-StarWars/Pods-StarWars-resources.sh\"\n";
			showEnvVarsInLog = 0;
		};
		54B54CF2B9E4F3F47235FA31 /* [CP] Check Pods Manifest.lock */ = {
			isa = PBXShellScriptBuildPhase;
			buildActionMask = 2147483647;
			files = (
			);
			inputFileListPaths = (
			);
			inputPaths = (
			);
			name = "[CP] Check Pods Manifest.lock";
			outputFileListPaths = (
			);
			outputPaths = (
			);
			runOnlyForDeploymentPostprocessing = 0;
			shellPath = /bin/sh;
			shellScript = "diff \"${PODS_PODFILE_DIR_PATH}/Podfile.lock\" \"${PODS_ROOT}/Manifest.lock\" > /dev/null\nif [ $? != 0 ] ; then\n    # print error to STDERR\n    echo \"error: The sandbox is not in sync with the Podfile.lock. Run 'pod install' or update your CocoaPods installation.\" >&2\n    exit 1\nfi\n";
			showEnvVarsInLog = 0;
		};
/* End PBXShellScriptBuildPhase section */

/* Begin PBXSourcesBuildPhase section */
		CC07161921F33E690067F1AD /* Sources */ = {
			isa = PBXSourcesBuildPhase;
			buildActionMask = 2147483647;
			files = (
				CC344C1B21F3F98100002460 /* SWApiHelper.swift in Sources */,
				CC344C3521F414AF00002460 /* SWCharacterApiClient.swift in Sources */,
				CC344C4D21F477F900002460 /* SWFilmsViewController.swift in Sources */,
				CC344C1521F3F1FD00002460 /* SWFilmApiClient.swift in Sources */,
				CC07165E21F3448B0067F1AD /* SWViewController.swift in Sources */,
				CC344C2C21F407C600002460 /* SWIFilm.swift in Sources */,
				CC344C4521F46E8800002460 /* SWCharacterRepository.swift in Sources */,
				CC344C3F21F46C3E00002460 /* SWRepositoryDelegate.swift in Sources */,
				CC344C5321F4892C00002460 /* UIViewControllers+Extension.swift in Sources */,
				CC07163C21F33FA60067F1AD /* SWNavigationController.swift in Sources */,
				CC344BFF21F3DF8400002460 /* UINavigationController+Extension.swift in Sources */,
				CC07164A21F341E20067F1AD /* SWAppColor.swift in Sources */,
				CC07165421F3431F0067F1AD /* SWApp.swift in Sources */,
				CC07162521F33E690067F1AD /* DetailViewController.swift in Sources */,
				CC344C6621F5152500002460 /* SWCharacterCollectionViewCell.swift in Sources */,
				CC07164221F340DE0067F1AD /* UIView+Extension.swift in Sources */,
				CC344C2A21F407A300002460 /* SWIEntity.swift in Sources */,
				CC344C2121F403E400002460 /* SWFilm.swift in Sources */,
				CC344C0521F3E6A300002460 /* SWSplitViewController.swift in Sources */,
				CC344C6921F5154900002460 /* SWCharactersFlowLayout.swift in Sources */,
				CC07165021F342B80067F1AD /* SWAppConfig.swift in Sources */,
				CC07163E21F340530067F1AD /* Reusables.swift in Sources */,
				CC344C4121F46CC300002460 /* SWIRepository.swift in Sources */,
				CC07165621F343E30067F1AD /* UIColor+Extension.swift in Sources */,
				CC344C3321F40AEC00002460 /* SWDateFormatter.swift in Sources */,
				CC344C4721F46EBB00002460 /* SWIFilmRepository.swift in Sources */,
				CC344C5021F478C400002460 /* SWFilmTableViewCell.swift in Sources */,
				CC07165C21F344780067F1AD /* SWSplashScreenViewController.swift in Sources */,
				CC344C1F21F401EC00002460 /* SWEntity.swift in Sources */,
				CC344C2E21F4083000002460 /* SWICharacter.swift in Sources */,
				CC07162321F33E690067F1AD /* MasterViewController.swift in Sources */,
				CC07164821F341DA0067F1AD /* SWAppFont.swift in Sources */,
				CC344C0121F3DFBC00002460 /* UIButton+Extension.swift in Sources */,
				CC344C2721F4073300002460 /* SWCharacterHelper.swift in Sources */,
				CC344C2321F403FE00002460 /* SWCharacter.swift in Sources */,
				CC344C1921F3F2A900002460 /* SWNetworkClientService.swift in Sources */,
				CC344C3D21F46B1000002460 /* SWRepositoryObserver.swift in Sources */,
				CC07164E21F342B10067F1AD /* SWAppSegue.swift in Sources */,
				CC344C0321F3DFF900002460 /* UIImage+Extension.swift in Sources */,
				CC344C2521F4072800002460 /* SWFilmHelper.swift in Sources */,
				CC344C4321F46E7A00002460 /* SWFilmRepository.swift in Sources */,
				CC344C5E21F49CD900002460 /* SWSearchController.swift in Sources */,
				CC07164021F340B40067F1AD /* UIViewController+Extension.swift in Sources */,
				CC344C6321F4ACFE00002460 /* SWFilmDetailsViewController.swift in Sources */,
				CC344C3121F408FA00002460 /* SWIHelper.swift in Sources */,
				CC344C3921F469E300002460 /* SWEntityRepository.swift in Sources */,
				CC344C4921F46EC900002460 /* SWICharacterRepository.swift in Sources */,
				CC07163A21F33F650067F1AD /* SWNavigationCoordinator.swift in Sources */,
				CC07165221F343040067F1AD /* Date+Extension.swift in Sources */,
				CC07162121F33E690067F1AD /* AppDelegate.swift in Sources */,
				CC07164C21F342A10067F1AD /* SWAppCell.swift in Sources */,
			);
			runOnlyForDeploymentPostprocessing = 0;
		};
/* End PBXSourcesBuildPhase section */

/* Begin PBXVariantGroup section */
		CC07162621F33E690067F1AD /* Main.storyboard */ = {
			isa = PBXVariantGroup;
			children = (
				CC07162721F33E690067F1AD /* Base */,
			);
			name = Main.storyboard;
			sourceTree = "<group>";
		};
		CC07162B21F33E6B0067F1AD /* LaunchScreen.storyboard */ = {
			isa = PBXVariantGroup;
			children = (
				CC07162C21F33E6B0067F1AD /* Base */,
			);
			name = LaunchScreen.storyboard;
			sourceTree = "<group>";
		};
		CC07165721F344560067F1AD /* Start.storyboard */ = {
			isa = PBXVariantGroup;
			children = (
				CC07165821F344560067F1AD /* Base */,
			);
			name = Start.storyboard;
			sourceTree = "<group>";
		};
/* End PBXVariantGroup section */

/* Begin XCBuildConfiguration section */
		CC07162F21F33E6B0067F1AD /* Debug */ = {
			isa = XCBuildConfiguration;
			buildSettings = {
				ALWAYS_SEARCH_USER_PATHS = NO;
				CLANG_ANALYZER_NONNULL = YES;
				CLANG_ANALYZER_NUMBER_OBJECT_CONVERSION = YES_AGGRESSIVE;
				CLANG_CXX_LANGUAGE_STANDARD = "gnu++14";
				CLANG_CXX_LIBRARY = "libc++";
				CLANG_ENABLE_MODULES = YES;
				CLANG_ENABLE_OBJC_ARC = YES;
				CLANG_ENABLE_OBJC_WEAK = YES;
				CLANG_WARN_BLOCK_CAPTURE_AUTORELEASING = YES;
				CLANG_WARN_BOOL_CONVERSION = YES;
				CLANG_WARN_COMMA = YES;
				CLANG_WARN_CONSTANT_CONVERSION = YES;
				CLANG_WARN_DEPRECATED_OBJC_IMPLEMENTATIONS = YES;
				CLANG_WARN_DIRECT_OBJC_ISA_USAGE = YES_ERROR;
				CLANG_WARN_DOCUMENTATION_COMMENTS = YES;
				CLANG_WARN_EMPTY_BODY = YES;
				CLANG_WARN_ENUM_CONVERSION = YES;
				CLANG_WARN_INFINITE_RECURSION = YES;
				CLANG_WARN_INT_CONVERSION = YES;
				CLANG_WARN_NON_LITERAL_NULL_CONVERSION = YES;
				CLANG_WARN_OBJC_IMPLICIT_RETAIN_SELF = YES;
				CLANG_WARN_OBJC_LITERAL_CONVERSION = YES;
				CLANG_WARN_OBJC_ROOT_CLASS = YES_ERROR;
				CLANG_WARN_RANGE_LOOP_ANALYSIS = YES;
				CLANG_WARN_STRICT_PROTOTYPES = YES;
				CLANG_WARN_SUSPICIOUS_MOVE = YES;
				CLANG_WARN_UNGUARDED_AVAILABILITY = YES_AGGRESSIVE;
				CLANG_WARN_UNREACHABLE_CODE = YES;
				CLANG_WARN__DUPLICATE_METHOD_MATCH = YES;
				CODE_SIGN_IDENTITY = "iPhone Developer";
				COPY_PHASE_STRIP = NO;
				DEBUG_INFORMATION_FORMAT = dwarf;
				ENABLE_STRICT_OBJC_MSGSEND = YES;
				ENABLE_TESTABILITY = YES;
				GCC_C_LANGUAGE_STANDARD = gnu11;
				GCC_DYNAMIC_NO_PIC = NO;
				GCC_NO_COMMON_BLOCKS = YES;
				GCC_OPTIMIZATION_LEVEL = 0;
				GCC_PREPROCESSOR_DEFINITIONS = (
					"DEBUG=1",
					"$(inherited)",
				);
				GCC_WARN_64_TO_32_BIT_CONVERSION = YES;
				GCC_WARN_ABOUT_RETURN_TYPE = YES_ERROR;
				GCC_WARN_UNDECLARED_SELECTOR = YES;
				GCC_WARN_UNINITIALIZED_AUTOS = YES_AGGRESSIVE;
				GCC_WARN_UNUSED_FUNCTION = YES;
				GCC_WARN_UNUSED_VARIABLE = YES;
				IPHONEOS_DEPLOYMENT_TARGET = 12.1;
				MTL_ENABLE_DEBUG_INFO = INCLUDE_SOURCE;
				MTL_FAST_MATH = YES;
				ONLY_ACTIVE_ARCH = YES;
				SDKROOT = iphoneos;
				SWIFT_ACTIVE_COMPILATION_CONDITIONS = DEBUG;
				SWIFT_OPTIMIZATION_LEVEL = "-Onone";
			};
			name = Debug;
		};
		CC07163021F33E6B0067F1AD /* Release */ = {
			isa = XCBuildConfiguration;
			buildSettings = {
				ALWAYS_SEARCH_USER_PATHS = NO;
				CLANG_ANALYZER_NONNULL = YES;
				CLANG_ANALYZER_NUMBER_OBJECT_CONVERSION = YES_AGGRESSIVE;
				CLANG_CXX_LANGUAGE_STANDARD = "gnu++14";
				CLANG_CXX_LIBRARY = "libc++";
				CLANG_ENABLE_MODULES = YES;
				CLANG_ENABLE_OBJC_ARC = YES;
				CLANG_ENABLE_OBJC_WEAK = YES;
				CLANG_WARN_BLOCK_CAPTURE_AUTORELEASING = YES;
				CLANG_WARN_BOOL_CONVERSION = YES;
				CLANG_WARN_COMMA = YES;
				CLANG_WARN_CONSTANT_CONVERSION = YES;
				CLANG_WARN_DEPRECATED_OBJC_IMPLEMENTATIONS = YES;
				CLANG_WARN_DIRECT_OBJC_ISA_USAGE = YES_ERROR;
				CLANG_WARN_DOCUMENTATION_COMMENTS = YES;
				CLANG_WARN_EMPTY_BODY = YES;
				CLANG_WARN_ENUM_CONVERSION = YES;
				CLANG_WARN_INFINITE_RECURSION = YES;
				CLANG_WARN_INT_CONVERSION = YES;
				CLANG_WARN_NON_LITERAL_NULL_CONVERSION = YES;
				CLANG_WARN_OBJC_IMPLICIT_RETAIN_SELF = YES;
				CLANG_WARN_OBJC_LITERAL_CONVERSION = YES;
				CLANG_WARN_OBJC_ROOT_CLASS = YES_ERROR;
				CLANG_WARN_RANGE_LOOP_ANALYSIS = YES;
				CLANG_WARN_STRICT_PROTOTYPES = YES;
				CLANG_WARN_SUSPICIOUS_MOVE = YES;
				CLANG_WARN_UNGUARDED_AVAILABILITY = YES_AGGRESSIVE;
				CLANG_WARN_UNREACHABLE_CODE = YES;
				CLANG_WARN__DUPLICATE_METHOD_MATCH = YES;
				CODE_SIGN_IDENTITY = "iPhone Developer";
				COPY_PHASE_STRIP = NO;
				DEBUG_INFORMATION_FORMAT = "dwarf-with-dsym";
				ENABLE_NS_ASSERTIONS = NO;
				ENABLE_STRICT_OBJC_MSGSEND = YES;
				GCC_C_LANGUAGE_STANDARD = gnu11;
				GCC_NO_COMMON_BLOCKS = YES;
				GCC_WARN_64_TO_32_BIT_CONVERSION = YES;
				GCC_WARN_ABOUT_RETURN_TYPE = YES_ERROR;
				GCC_WARN_UNDECLARED_SELECTOR = YES;
				GCC_WARN_UNINITIALIZED_AUTOS = YES_AGGRESSIVE;
				GCC_WARN_UNUSED_FUNCTION = YES;
				GCC_WARN_UNUSED_VARIABLE = YES;
				IPHONEOS_DEPLOYMENT_TARGET = 12.1;
				MTL_ENABLE_DEBUG_INFO = NO;
				MTL_FAST_MATH = YES;
				SDKROOT = iphoneos;
				SWIFT_COMPILATION_MODE = wholemodule;
				SWIFT_OPTIMIZATION_LEVEL = "-O";
				VALIDATE_PRODUCT = YES;
			};
			name = Release;
		};
		CC07163221F33E6B0067F1AD /* Debug */ = {
			isa = XCBuildConfiguration;
			baseConfigurationReference = 528206A504225A21B7792D7E /* Pods-StarWars.debug.xcconfig */;
			buildSettings = {
				ASSETCATALOG_COMPILER_APPICON_NAME = AppIcon;
				ASSETCATALOG_COMPILER_LAUNCHIMAGE_NAME = LaunchImage;
				CODE_SIGN_STYLE = Automatic;
				DEVELOPMENT_TEAM = RVA8KB8592;
				INFOPLIST_FILE = "$(SRCROOT)/StarWars/Supported FIles/Info.plist";
				LD_RUNPATH_SEARCH_PATHS = (
					"$(inherited)",
					"@executable_path/Frameworks",
				);
				PRODUCT_BUNDLE_IDENTIFIER = "com.ureymt.star-wars";
				PRODUCT_NAME = "$(TARGET_NAME)";
				SWIFT_VERSION = 4.2;
				TARGETED_DEVICE_FAMILY = "1,2";
			};
			name = Debug;
		};
		CC07163321F33E6B0067F1AD /* Release */ = {
			isa = XCBuildConfiguration;
			baseConfigurationReference = C4AE5AB2BF64CF77A751FC3F /* Pods-StarWars.release.xcconfig */;
			buildSettings = {
				ASSETCATALOG_COMPILER_APPICON_NAME = AppIcon;
				ASSETCATALOG_COMPILER_LAUNCHIMAGE_NAME = LaunchImage;
				CODE_SIGN_STYLE = Automatic;
				DEVELOPMENT_TEAM = RVA8KB8592;
				INFOPLIST_FILE = "$(SRCROOT)/StarWars/Supported FIles/Info.plist";
				LD_RUNPATH_SEARCH_PATHS = (
					"$(inherited)",
					"@executable_path/Frameworks",
				);
				PRODUCT_BUNDLE_IDENTIFIER = "com.ureymt.star-wars";
				PRODUCT_NAME = "$(TARGET_NAME)";
				SWIFT_VERSION = 4.2;
				TARGETED_DEVICE_FAMILY = "1,2";
			};
			name = Release;
		};
/* End XCBuildConfiguration section */

/* Begin XCConfigurationList section */
		CC07161821F33E690067F1AD /* Build configuration list for PBXProject "StarWars" */ = {
			isa = XCConfigurationList;
			buildConfigurations = (
				CC07162F21F33E6B0067F1AD /* Debug */,
				CC07163021F33E6B0067F1AD /* Release */,
			);
			defaultConfigurationIsVisible = 0;
			defaultConfigurationName = Release;
		};
		CC07163121F33E6B0067F1AD /* Build configuration list for PBXNativeTarget "StarWars" */ = {
			isa = XCConfigurationList;
			buildConfigurations = (
				CC07163221F33E6B0067F1AD /* Debug */,
				CC07163321F33E6B0067F1AD /* Release */,
			);
			defaultConfigurationIsVisible = 0;
			defaultConfigurationName = Release;
		};
/* End XCConfigurationList section */
	};
	rootObject = CC07161521F33E690067F1AD /* Project object */;
}
